
Microsoft Visual Studio Solution File, Format Version 12.00
# Visual Studio Version 16
VisualStudioVersion = 16.0.30804.86
MinimumVisualStudioVersion = 10.0.40219.1
Project("{E24C65DC-7377-472B-9ABA-BC803B73C61A}") = "Web_EmploymentManage", "Web_EmploymentManage\", "{AC032600-BE71-444D-8546-B227D75D9C47}"
	ProjectSection(WebsiteProperties) = preProject
		TargetFrameworkMoniker = ".NETFramework,Version%3Dv3.5"
		Debug.AspNetCompiler.VirtualPath = "/Web_EmploymentManage"
		Debug.AspNetCompiler.PhysicalPath = "Web_EmploymentManage\"
		Debug.AspNetCompiler.TargetPath = "PrecompiledWeb\Web_EmploymentManage\"
		Debug.AspNetCompiler.Updateable = "true"
		Debug.AspNetCompiler.ForceOverwrite = "true"
		Debug.AspNetCompiler.FixedNames = "false"
		Debug.AspNetCompiler.Debug = "True"
		Release.AspNetCompiler.VirtualPath = "/Web_EmploymentManage"
		Release.AspNetCompiler.PhysicalPath = "Web_EmploymentManage\"
		Release.AspNetCompiler.TargetPath = "PrecompiledWeb\Web_EmploymentManage\"
		Release.AspNetCompiler.Updateable = "true"
		Release.AspNetCompiler.ForceOverwrite = "true"
		Release.AspNetCompiler.FixedNames = "false"
		Release.AspNetCompiler.Debug = "False"
		VWDPort = "6015"
		DefaultWebSiteLanguage = "Visual Basic"
	EndProjectSection
EndProject
Project("{FAE04EC0-301F-11D3-BF4B-00C04F79EFBC}") = "Model", "Model\Model.csproj", "{38F7C6BC-B57A-4DE1-899B-EE39A25ED973}"
EndProject
Project("{FAE04EC0-301F-11D3-BF4B-00C04F79EFBC}") = "DAL", "DAL\DAL.csproj", "{0D8D340F-FD12-4A2A-B4A4-3A564857665C}"
EndProject
Project("{FAE04EC0-301F-11D3-BF4B-00C04F79EFBC}") = "BLL", "BLL\BLL.csproj", "{3A9FFB3B-8F06-4488-ADDB-D61F4060426A}"
EndProject
Global
	GlobalSection(SolutionConfigurationPlatforms) = preSolution
		Debug|Any CPU = Debug|Any CPU
		Release|Any CPU = Release|Any CPU
	EndGlobalSection
	GlobalSection(ProjectConfigurationPlatforms) = postSolution
		{AC032600-BE71-444D-8546-B227D75D9C47}.Debug|Any CPU.ActiveCfg = Debug|Any CPU
		{AC032600-BE71-444D-8546-B227D75D9C47}.Debug|Any CPU.Build.0 = Debug|Any CPU
		{AC032600-BE71-444D-8546-B227D75D9C47}.Release|Any CPU.ActiveCfg = Debug|Any CPU
		{AC032600-BE71-444D-8546-B227D75D9C47}.Release|Any CPU.Build.0 = Debug|Any CPU
		{38F7C6BC-B57A-4DE1-899B-EE39A25ED973}.Debug|Any CPU.ActiveCfg = Debug|Any CPU
		{38F7C6BC-B57A-4DE1-899B-EE39A25ED973}.Debug|Any CPU.Build.0 = Debug|Any CPU
		{38F7C6BC-B57A-4DE1-899B-EE39A25ED973}.Release|Any CPU.ActiveCfg = Release|Any CPU
		{38F7C6BC-B57A-4DE1-899B-EE39A25ED973}.Release|Any CPU.Build.0 = Release|Any CPU
		{0D8D340F-FD12-4A2A-B4A4-3A564857665C}.Debug|Any CPU.ActiveCfg = Debug|Any CPU
		{0D8D340F-FD12-4A2A-B4A4-3A564857665C}.Debug|Any CPU.Build.0 = Debug|Any CPU
		{0D8D340F-FD12-4A2A-B4A4-3A564857665C}.Release|Any CPU.ActiveCfg = Release|Any CPU
		{0D8D340F-FD12-4A2A-B4A4-3A564857665C}.Release|Any CPU.Build.0 = Release|Any CPU
		{3A9FFB3B-8F06-4488-ADDB-D61F4060426A}.Debug|Any CPU.ActiveCfg = Debug|Any CPU
		{3A9FFB3B-8F06-4488-ADDB-D61F4060426A}.Debug|Any CPU.Build.0 = Debug|Any CPU
		{3A9FFB3B-8F06-4488-ADDB-D61F4060426A}.Release|Any CPU.ActiveCfg = Release|Any CPU
		{3A9FFB3B-8F06-4488-ADDB-D61F4060426A}.Release|Any CPU.Build.0 = Release|Any CPU
	EndGlobalSection
	GlobalSection(SolutionProperties) = preSolution
		HideSolutionNode = FALSE
	EndGlobalSection
	GlobalSection(ExtensibilityGlobals) = postSolution
		SolutionGuid = {EA5973A1-B917-4483-8DC1-E8307A47BAFD}
	EndGlobalSection
EndGlobal
